// !$*UTF8*$!
{
	archiveVersion = 1;
	classes = {
	};
	objectVersion = 50;
	objects = {

/* Begin PBXBuildFile section */
		336760B026688B8C00CB97A1 /* AppDelegate.swift in Sources */ = {isa = PBXBuildFile; fileRef = 336760AF26688B8C00CB97A1 /* AppDelegate.swift */; };
		336760B226688B8C00CB97A1 /* SceneDelegate.swift in Sources */ = {isa = PBXBuildFile; fileRef = 336760B126688B8C00CB97A1 /* SceneDelegate.swift */; };
		336760B426688B8C00CB97A1 /* ViewController.swift in Sources */ = {isa = PBXBuildFile; fileRef = 336760B326688B8C00CB97A1 /* ViewController.swift */; };
		336760B726688B8C00CB97A1 /* Main.storyboard in Resources */ = {isa = PBXBuildFile; fileRef = 336760B526688B8C00CB97A1 /* Main.storyboard */; };
		336760B926688B8D00CB97A1 /* Assets.xcassets in Resources */ = {isa = PBXBuildFile; fileRef = 336760B826688B8D00CB97A1 /* Assets.xcassets */; };
		336760BC26688B8D00CB97A1 /* LaunchScreen.storyboard in Resources */ = {isa = PBXBuildFile; fileRef = 336760BA26688B8D00CB97A1 /* LaunchScreen.storyboard */; };
		336760C726688B8E00CB97A1 /* OmikujiAppTests.swift in Sources */ = {isa = PBXBuildFile; fileRef = 336760C626688B8E00CB97A1 /* OmikujiAppTests.swift */; };
		336760D226688B8E00CB97A1 /* OmikujiAppUITests.swift in Sources */ = {isa = PBXBuildFile; fileRef = 336760D126688B8E00CB97A1 /* OmikujiAppUITests.swift */; };
/* End PBXBuildFile section */

/* Begin PBXContainerItemProxy section */
		336760C326688B8E00CB97A1 /* PBXContainerItemProxy */ = {
			isa = PBXContainerItemProxy;
			containerPortal = 336760A426688B8C00CB97A1 /* Project object */;
			proxyType = 1;
			remoteGlobalIDString = 336760AB26688B8C00CB97A1;
			remoteInfo = OmikujiApp;
		};
		336760CE26688B8E00CB97A1 /* PBXContainerItemProxy */ = {
			isa = PBXContainerItemProxy;
			containerPortal = 336760A426688B8C00CB97A1 /* Project object */;
			proxyType = 1;
			remoteGlobalIDString = 336760AB26688B8C00CB97A1;
			remoteInfo = OmikujiApp;
		};
/* End PBXContainerItemProxy section */

/* Begin PBXFileReference section */
		336760AC26688B8C00CB97A1 /* OmikujiApp.app */ = {isa = PBXFileReference; explicitFileType = wrapper.application; includeInIndex = 0; path = OmikujiApp.app; sourceTree = BUILT_PRODUCTS_DIR; };
		336760AF26688B8C00CB97A1 /* AppDelegate.swift */ = {isa = PBXFileReference; lastKnownFileType = sourcecode.swift; path = AppDelegate.swift; sourceTree = "<group>"; };
		336760B126688B8C00CB97A1 /* SceneDelegate.swift */ = {isa = PBXFileReference; lastKnownFileType = sourcecode.swift; path = SceneDelegate.swift; sourceTree = "<group>"; };
		336760B326688B8C00CB97A1 /* ViewController.swift */ = {isa = PBXFileReference; lastKnownFileType = sourcecode.swift; path = ViewController.swift; sourceTree = "<group>"; };
		336760B626688B8C00CB97A1 /* Base */ = {isa = PBXFileReference; lastKnownFileType = file.storyboard; name = Base; path = Base.lproj/Main.storyboard; sourceTree = "<group>"; };
		336760B826688B8D00CB97A1 /* Assets.xcassets */ = {isa = PBXFileReference; lastKnownFileType = folder.assetcatalog; path = Assets.xcassets; sourceTree = "<group>"; };
		336760BB26688B8D00CB97A1 /* Base */ = {isa = PBXFileReference; lastKnownFileType = file.storyboard; name = Base; path = Base.lproj/LaunchScreen.storyboard; sourceTree = "<group>"; };
		336760BD26688B8D00CB97A1 /* Info.plist */ = {isa = PBXFileReference; lastKnownFileType = text.plist.xml; path = Info.plist; sourceTree = "<group>"; };
		336760C226688B8E00CB97A1 /* OmikujiAppTests.xctest */ = {isa = PBXFileReference; explicitFileType = wrapper.cfbundle; includeInIndex = 0; path = OmikujiAppTests.xctest; sourceTree = BUILT_PRODUCTS_DIR; };
		336760C626688B8E00CB97A1 /* OmikujiAppTests.swift */ = {isa = PBXFileReference; lastKnownFileType = sourcecode.swift; path = OmikujiAppTests.swift; sourceTree = "<group>"; };
		336760C826688B8E00CB97A1 /* Info.plist */ = {isa = PBXFileReference; lastKnownFileType = text.plist.xml; path = Info.plist; sourceTree = "<group>"; };
		336760CD26688B8E00CB97A1 /* OmikujiAppUITests.xctest */ = {isa = PBXFileReference; explicitFileType = wrapper.cfbundle; includeInIndex = 0; path = OmikujiAppUITests.xctest; sourceTree = BUILT_PRODUCTS_DIR; };
		336760D126688B8E00CB97A1 /* OmikujiAppUITests.swift */ = {isa = PBXFileReference; lastKnownFileType = sourcecode.swift; path = OmikujiAppUITests.swift; sourceTree = "<group>"; };
		336760D326688B8E00CB97A1 /* Info.plist */ = {isa = PBXFileReference; lastKnownFileType = text.plist.xml; path = Info.plist; sourceTree = "<group>"; };
/* End PBXFileReference section */

/* Begin PBXFrameworksBuildPhase section */
		336760A926688B8C00CB97A1 /* Frameworks */ = {
			isa = PBXFrameworksBuildPhase;
			buildActionMask = 2147483647;
			files = (
			);
			runOnlyForDeploymentPostprocessing = 0;
		};
		336760BF26688B8E00CB97A1 /* Frameworks */ = {
			isa = PBXFrameworksBuildPhase;
			buildActionMask = 2147483647;
			files = (
			);
			runOnlyForDeploymentPostprocessing = 0;
		};
		336760CA26688B8E00CB97A1 /* Frameworks */ = {
			isa = PBXFrameworksBuildPhase;
			buildActionMask = 2147483647;
			files = (
			);
			runOnlyForDeploymentPostprocessing = 0;
		};
/* End PBXFrameworksBuildPhase section */

/* Begin PBXGroup section */
		336760A326688B8C00CB97A1 = {
			isa = PBXGroup;
			children = (
				336760AE26688B8C00CB97A1 /* OmikujiApp */,
				336760C526688B8E00CB97A1 /* OmikujiAppTests */,
				336760D026688B8E00CB97A1 /* OmikujiAppUITests */,
				336760AD26688B8C00CB97A1 /* Products */,
			);
			sourceTree = "<group>";
		};
		336760AD26688B8C00CB97A1 /* Products */ = {
			isa = PBXGroup;
			children = (
				336760AC26688B8C00CB97A1 /* OmikujiApp.app */,
				336760C226688B8E00CB97A1 /* OmikujiAppTests.xctest */,
				336760CD26688B8E00CB97A1 /* OmikujiAppUITests.xctest */,
			);
			name = Products;
			sourceTree = "<group>";
		};
		336760AE26688B8C00CB97A1 /* OmikujiApp */ = {
			isa = PBXGroup;
			children = (
				336760AF26688B8C00CB97A1 /* AppDelegate.swift */,
				336760B126688B8C00CB97A1 /* SceneDelegate.swift */,
				336760B326688B8C00CB97A1 /* ViewController.swift */,
				336760B526688B8C00CB97A1 /* Main.storyboard */,
				336760B826688B8D00CB97A1 /* Assets.xcassets */,
				336760BA26688B8D00CB97A1 /* LaunchScreen.storyboard */,
				336760BD26688B8D00CB97A1 /* Info.plist */,
			);
			path = OmikujiApp;
			sourceTree = "<group>";
		};
		336760C526688B8E00CB97A1 /* OmikujiAppTests */ = {
			isa = PBXGroup;
			children = (
				336760C626688B8E00CB97A1 /* OmikujiAppTests.swift */,
				336760C826688B8E00CB97A1 /* Info.plist */,
			);
			path = OmikujiAppTests;
			sourceTree = "<group>";
		};
		336760D026688B8E00CB97A1 /* OmikujiAppUITests */ = {
			isa = PBXGroup;
			children = (
				336760D126688B8E00CB97A1 /* OmikujiAppUITests.swift */,
				336760D326688B8E00CB97A1 /* Info.plist */,
			);
			path = OmikujiAppUITests;
			sourceTree = "<group>";
		};
/* End PBXGroup section */

/* Begin PBXNativeTarget section */
		336760AB26688B8C00CB97A1 /* OmikujiApp */ = {
			isa = PBXNativeTarget;
			buildConfigurationList = 336760D626688B8E00CB97A1 /* Build configuration list for PBXNativeTarget "OmikujiApp" */;
			buildPhases = (
				336760A826688B8C00CB97A1 /* Sources */,
				336760A926688B8C00CB97A1 /* Frameworks */,
				336760AA26688B8C00CB97A1 /* Resources */,
			);
			buildRules = (
			);
			dependencies = (
			);
			name = OmikujiApp;
			productName = OmikujiApp;
			productReference = 336760AC26688B8C00CB97A1 /* OmikujiApp.app */;
			productType = "com.apple.product-type.application";
		};
		336760C126688B8E00CB97A1 /* OmikujiAppTests */ = {
			isa = PBXNativeTarget;
			buildConfigurationList = 336760D926688B8E00CB97A1 /* Build configuration list for PBXNativeTarget "OmikujiAppTests" */;
			buildPhases = (
				336760BE26688B8E00CB97A1 /* Sources */,
				336760BF26688B8E00CB97A1 /* Frameworks */,
				336760C026688B8E00CB97A1 /* Resources */,
			);
			buildRules = (
			);
			dependencies = (
				336760C426688B8E00CB97A1 /* PBXTargetDependency */,
			);
			name = OmikujiAppTests;
			productName = OmikujiAppTests;
			productReference = 336760C226688B8E00CB97A1 /* OmikujiAppTests.xctest */;
			productType = "com.apple.product-type.bundle.unit-test";
		};
		336760CC26688B8E00CB97A1 /* OmikujiAppUITests */ = {
			isa = PBXNativeTarget;
			buildConfigurationList = 336760DC26688B8E00CB97A1 /* Build configuration list for PBXNativeTarget "OmikujiAppUITests" */;
			buildPhases = (
				336760C926688B8E00CB97A1 /* Sources */,
				336760CA26688B8E00CB97A1 /* Frameworks */,
				336760CB26688B8E00CB97A1 /* Resources */,
			);
			buildRules = (
			);
			dependencies = (
				336760CF26688B8E00CB97A1 /* PBXTargetDependency */,
			);
			name = OmikujiAppUITests;
			productName = OmikujiAppUITests;
			productReference = 336760CD26688B8E00CB97A1 /* OmikujiAppUITests.xctest */;
			productType = "com.apple.product-type.bundle.ui-testing";
		};
/* End PBXNativeTarget section */

/* Begin PBXProject section */
		336760A426688B8C00CB97A1 /* Project object */ = {
			isa = PBXProject;
			attributes = {
				LastSwiftUpdateCheck = 1240;
				LastUpgradeCheck = 1240;
				TargetAttributes = {
					336760AB26688B8C00CB97A1 = {
						CreatedOnToolsVersion = 12.4;
					};
					336760C126688B8E00CB97A1 = {
						CreatedOnToolsVersion = 12.4;
						TestTargetID = 336760AB26688B8C00CB97A1;
					};
					336760CC26688B8E00CB97A1 = {
						CreatedOnToolsVersion = 12.4;
						TestTargetID = 336760AB26688B8C00CB97A1;
					};
				};
			};
			buildConfigurationList = 336760A726688B8C00CB97A1 /* Build configuration list for PBXProject "OmikujiApp" */;
			compatibilityVersion = "Xcode 9.3";
			developmentRegion = en;
			hasScannedForEncodings = 0;
			knownRegions = (
				en,
				Base,
			);
			mainGroup = 336760A326688B8C00CB97A1;
			productRefGroup = 336760AD26688B8C00CB97A1 /* Products */;
			projectDirPath = "";
			projectRoot = "";
			targets = (
				336760AB26688B8C00CB97A1 /* OmikujiApp */,
				336760C126688B8E00CB97A1 /* OmikujiAppTests */,
				336760CC26688B8E00CB97A1 /* OmikujiAppUITests */,
			);
		};
/* End PBXProject section */

/* Begin PBXResourcesBuildPhase section */
		336760AA26688B8C00CB97A1 /* Resources */ = {
			isa = PBXResourcesBuildPhase;
			buildActionMask = 2147483647;
			files = (
				336760BC26688B8D00CB97A1 /* LaunchScreen.storyboard in Resources */,
				336760B926688B8D00CB97A1 /* Assets.xcassets in Resources */,
				336760B726688B8C00CB97A1 /* Main.storyboard in Resources */,
			);
			runOnlyForDeploymentPostprocessing = 0;
		};
		336760C026688B8E00CB97A1 /* Resources */ = {
			isa = PBXResourcesBuildPhase;
			buildActionMask = 2147483647;
			files = (
			);
			runOnlyForDeploymentPostprocessing = 0;
		};
		336760CB26688B8E00CB97A1 /* Resources */ = {
			isa = PBXResourcesBuildPhase;
			buildActionMask = 2147483647;
			files = (
			);
			runOnlyForDeploymentPostprocessing = 0;
		};
/* End PBXResourcesBuildPhase section */

/* Begin PBXSourcesBuildPhase section */
		336760A826688B8C00CB97A1 /* Sources */ = {
			isa = PBXSourcesBuildPhase;
			buildActionMask = 2147483647;
			files = (
				336760B426688B8C00CB97A1 /* ViewController.swift in Sources */,
				336760B026688B8C00CB97A1 /* AppDelegate.swift in Sources */,
				336760B226688B8C00CB97A1 /* SceneDelegate.swift in Sources */,
			);
			runOnlyForDeploymentPostprocessing = 0;
		};
		336760BE26688B8E00CB97A1 /* Sources */ = {
			isa = PBXSourcesBuildPhase;
			buildActionMask = 2147483647;
			files = (
				336760C726688B8E00CB97A1 /* OmikujiAppTests.swift in Sources */,
			);
			runOnlyForDeploymentPostprocessing = 0;
		};
		336760C926688B8E00CB97A1 /* Sources */ = {
			isa = PBXSourcesBuildPhase;
			buildActionMask = 2147483647;
			files = (
				336760D226688B8E00CB97A1 /* OmikujiAppUITests.swift in Sources */,
			);
			runOnlyForDeploymentPostprocessing = 0;
		};
/* End PBXSourcesBuildPhase section */

/* Begin PBXTargetDependency section */
		336760C426688B8E00CB97A1 /* PBXTargetDependency */ = {
			isa = PBXTargetDependency;
			target = 336760AB26688B8C00CB97A1 /* OmikujiApp */;
			targetProxy = 336760C326688B8E00CB97A1 /* PBXContainerItemProxy */;
		};
		336760CF26688B8E00CB97A1 /* PBXTargetDependency */ = {
			isa = PBXTargetDependency;
			target = 336760AB26688B8C00CB97A1 /* OmikujiApp */;
			targetProxy = 336760CE26688B8E00CB97A1 /* PBXContainerItemProxy */;
		};
/* End PBXTargetDependency section */

/* Begin PBXVariantGroup section */
		336760B526688B8C00CB97A1 /* Main.storyboard */ = {
			isa = PBXVariantGroup;
			children = (
				336760B626688B8C00CB97A1 /* Base */,
			);
			name = Main.storyboard;
			sourceTree = "<group>";
		};
		336760BA26688B8D00CB97A1 /* LaunchScreen.storyboard */ = {
			isa = PBXVariantGroup;
			children = (
				336760BB26688B8D00CB97A1 /* Base */,
			);
			name = LaunchScreen.storyboard;
			sourceTree = "<group>";
		};
/* End PBXVariantGroup section */

/* Begin XCBuildConfiguration section */
		336760D426688B8E00CB97A1 /* Debug */ = {
			isa = XCBuildConfiguration;
			buildSettings = {
				ALWAYS_SEARCH_USER_PATHS = NO;
				CLANG_ANALYZER_NONNULL = YES;
				CLANG_ANALYZER_NUMBER_OBJECT_CONVERSION = YES_AGGRESSIVE;
				CLANG_CXX_LANGUAGE_STANDARD = "gnu++14";
				CLANG_CXX_LIBRARY = "libc++";
				CLANG_ENABLE_MODULES = YES;
				CLANG_ENABLE_OBJC_ARC = YES;
				CLANG_ENABLE_OBJC_WEAK = YES;
				CLANG_WARN_BLOCK_CAPTURE_AUTORELEASING = YES;
				CLANG_WARN_BOOL_CONVERSION = YES;
				CLANG_WARN_COMMA = YES;
				CLANG_WARN_CONSTANT_CONVERSION = YES;
				CLANG_WARN_DEPRECATED_OBJC_IMPLEMENTATIONS = YES;
				CLANG_WARN_DIRECT_OBJC_ISA_USAGE = YES_ERROR;
				CLANG_WARN_DOCUMENTATION_COMMENTS = YES;
				CLANG_WARN_EMPTY_BODY = YES;
				CLANG_WARN_ENUM_CONVERSION = YES;
				CLANG_WARN_INFINITE_RECURSION = YES;
				CLANG_WARN_INT_CONVERSION = YES;
				CLANG_WARN_NON_LITERAL_NULL_CONVERSION = YES;
				CLANG_WARN_OBJC_IMPLICIT_RETAIN_SELF = YES;
				CLANG_WARN_OBJC_LITERAL_CONVERSION = YES;
				CLANG_WARN_OBJC_ROOT_CLASS = YES_ERROR;
				CLANG_WARN_QUOTED_INCLUDE_IN_FRAMEWORK_HEADER = YES;
				CLANG_WARN_RANGE_LOOP_ANALYSIS = YES;
				CLANG_WARN_STRICT_PROTOTYPES = YES;
				CLANG_WARN_SUSPICIOUS_MOVE = YES;
				CLANG_WARN_UNGUARDED_AVAILABILITY = YES_AGGRESSIVE;
				CLANG_WARN_UNREACHABLE_CODE = YES;
				CLANG_WARN__DUPLICATE_METHOD_MATCH = YES;
				COPY_PHASE_STRIP = NO;
				DEBUG_INFORMATION_FORMAT = dwarf;
				ENABLE_STRICT_OBJC_MSGSEND = YES;
				ENABLE_TESTABILITY = YES;
				GCC_C_LANGUAGE_STANDARD = gnu11;
				GCC_DYNAMIC_NO_PIC = NO;
				GCC_NO_COMMON_BLOCKS = YES;
				GCC_OPTIMIZATION_LEVEL = 0;
				GCC_PREPROCESSOR_DEFINITIONS = (
					"DEBUG=1",
					"$(inherited)",
				);
				GCC_WARN_64_TO_32_BIT_CONVERSION = YES;
				GCC_WARN_ABOUT_RETURN_TYPE = YES_ERROR;
				GCC_WARN_UNDECLARED_SELECTOR = YES;
				GCC_WARN_UNINITIALIZED_AUTOS = YES_AGGRESSIVE;
				GCC_WARN_UNUSED_FUNCTION = YES;
				GCC_WARN_UNUSED_VARIABLE = YES;
				IPHONEOS_DEPLOYMENT_TARGET = 14.4;
				MTL_ENABLE_DEBUG_INFO = INCLUDE_SOURCE;
				MTL_FAST_MATH = YES;
				ONLY_ACTIVE_ARCH = YES;
				SDKROOT = iphoneos;
				SWIFT_ACTIVE_COMPILATION_CONDITIONS = DEBUG;
				SWIFT_OPTIMIZATION_LEVEL = "-Onone";
			};
			name = Debug;
		};
		336760D526688B8E00CB97A1 /* Release */ = {
			isa = XCBuildConfiguration;
			buildSettings = {
				ALWAYS_SEARCH_USER_PATHS = NO;
				CLANG_ANALYZER_NONNULL = YES;
				CLANG_ANALYZER_NUMBER_OBJECT_CONVERSION = YES_AGGRESSIVE;
				CLANG_CXX_LANGUAGE_STANDARD = "gnu++14";
				CLANG_CXX_LIBRARY = "libc++";
				CLANG_ENABLE_MODULES = YES;
				CLANG_ENABLE_OBJC_ARC = YES;
				CLANG_ENABLE_OBJC_WEAK = YES;
				CLANG_WARN_BLOCK_CAPTURE_AUTORELEASING = YES;
				CLANG_WARN_BOOL_CONVERSION = YES;
				CLANG_WARN_COMMA = YES;
				CLANG_WARN_CONSTANT_CONVERSION = YES;
				CLANG_WARN_DEPRECATED_OBJC_IMPLEMENTATIONS = YES;
				CLANG_WARN_DIRECT_OBJC_ISA_USAGE = YES_ERROR;
				CLANG_WARN_DOCUMENTATION_COMMENTS = YES;
				CLANG_WARN_EMPTY_BODY = YES;
				CLANG_WARN_ENUM_CONVERSION = YES;
				CLANG_WARN_INFINITE_RECURSION = YES;
				CLANG_WARN_INT_CONVERSION = YES;
				CLANG_WARN_NON_LITERAL_NULL_CONVERSION = YES;
				CLANG_WARN_OBJC_IMPLICIT_RETAIN_SELF = YES;
				CLANG_WARN_OBJC_LITERAL_CONVERSION = YES;
				CLANG_WARN_OBJC_ROOT_CLASS = YES_ERROR;
				CLANG_WARN_QUOTED_INCLUDE_IN_FRAMEWORK_HEADER = YES;
				CLANG_WARN_RANGE_LOOP_ANALYSIS = YES;
				CLANG_WARN_STRICT_PROTOTYPES = YES;
				CLANG_WARN_SUSPICIOUS_MOVE = YES;
				CLANG_WARN_UNGUARDED_AVAILABILITY = YES_AGGRESSIVE;
				CLANG_WARN_UNREACHABLE_CODE = YES;
				CLANG_WARN__DUPLICATE_METHOD_MATCH = YES;
				COPY_PHASE_STRIP = NO;
				DEBUG_INFORMATION_FORMAT = "dwarf-with-dsym";
				ENABLE_NS_ASSERTIONS = NO;
				ENABLE_STRICT_OBJC_MSGSEND = YES;
				GCC_C_LANGUAGE_STANDARD = gnu11;
				GCC_NO_COMMON_BLOCKS = YES;
				GCC_WARN_64_TO_32_BIT_CONVERSION = YES;
				GCC_WARN_ABOUT_RETURN_TYPE = YES_ERROR;
				GCC_WARN_UNDECLARED_SELECTOR = YES;
				GCC_WARN_UNINITIALIZED_AUTOS = YES_AGGRESSIVE;
				GCC_WARN_UNUSED_FUNCTION = YES;
				GCC_WARN_UNUSED_VARIABLE = YES;
				IPHONEOS_DEPLOYMENT_TARGET = 14.4;
				MTL_ENABLE_DEBUG_INFO = NO;
				MTL_FAST_MATH = YES;
				SDKROOT = iphoneos;
				SWIFT_COMPILATION_MODE = wholemodule;
				SWIFT_OPTIMIZATION_LEVEL = "-O";
				VALIDATE_PRODUCT = YES;
			};
			name = Release;
		};
		336760D726688B8E00CB97A1 /* Debug */ = {
			isa = XCBuildConfiguration;
			buildSettings = {
				ASSETCATALOG_COMPILER_APPICON_NAME = AppIcon;
				ASSETCATALOG_COMPILER_GLOBAL_ACCENT_COLOR_NAME = AccentColor;
				CODE_SIGN_STYLE = Automatic;
				INFOPLIST_FILE = OmikujiApp/Info.plist;
				LD_RUNPATH_SEARCH_PATHS = (
					"$(inherited)",
					"@executable_path/Frameworks",
				);
				PRODUCT_BUNDLE_IDENTIFIER = com.test.OmikujiApp;
				PRODUCT_NAME = "$(TARGET_NAME)";
				SWIFT_VERSION = 5.0;
				TARGETED_DEVICE_FAMILY = "1,2";
			};
			name = Debug;
		};
		336760D826688B8E00CB97A1 /* Release */ = {
			isa = XCBuildConfiguration;
			buildSettings = {
				ASSETCATALOG_COMPILER_APPICON_NAME = AppIcon;
				ASSETCATALOG_COMPILER_GLOBAL_ACCENT_COLOR_NAME = AccentColor;
				CODE_SIGN_STYLE = Automatic;
				INFOPLIST_FILE = OmikujiApp/Info.plist;
				LD_RUNPATH_SEARCH_PATHS = (
					"$(inherited)",
					"@executable_path/Frameworks",
				);
				PRODUCT_BUNDLE_IDENTIFIER = com.test.OmikujiApp;
				PRODUCT_NAME = "$(TARGET_NAME)";
				SWIFT_VERSION = 5.0;
				TARGETED_DEVICE_FAMILY = "1,2";
			};
			name = Release;
		};
		336760DA26688B8E00CB97A1 /* Debug */ = {
			isa = XCBuildConfiguration;
			buildSettings = {
				ALWAYS_EMBED_SWIFT_STANDARD_LIBRARIES = YES;
				BUNDLE_LOADER = "$(TEST_HOST)";
				CODE_SIGN_STYLE = Automatic;
				INFOPLIST_FILE = OmikujiAppTests/Info.plist;
				IPHONEOS_DEPLOYMENT_TARGET = 14.4;
				LD_RUNPATH_SEARCH_PATHS = (
					"$(inherited)",
					"@executable_path/Frameworks",
					"@loader_path/Frameworks",
				);
				PRODUCT_BUNDLE_IDENTIFIER = com.test.OmikujiAppTests;
				PRODUCT_NAME = "$(TARGET_NAME)";
				SWIFT_VERSION = 5.0;
				TARGETED_DEVICE_FAMILY = "1,2";
				TEST_HOST = "$(BUILT_PRODUCTS_DIR)/OmikujiApp.app/OmikujiApp";
			};
			name = Debug;
		};
		336760DB26688B8E00CB97A1 /* Release */ = {
			isa = XCBuildConfiguration;
			buildSettings = {
				ALWAYS_EMBED_SWIFT_STANDARD_LIBRARIES = YES;
				BUNDLE_LOADER = "$(TEST_HOST)";
				CODE_SIGN_STYLE = Automatic;
				INFOPLIST_FILE = OmikujiAppTests/Info.plist;
				IPHONEOS_DEPLOYMENT_TARGET = 14.4;
				LD_RUNPATH_SEARCH_PATHS = (
					"$(inherited)",
					"@executable_path/Frameworks",
					"@loader_path/Frameworks",
				);
				PRODUCT_BUNDLE_IDENTIFIER = com.test.OmikujiAppTests;
				PRODUCT_NAME = "$(TARGET_NAME)";
				SWIFT_VERSION = 5.0;
				TARGETED_DEVICE_FAMILY = "1,2";
				TEST_HOST = "$(BUILT_PRODUCTS_DIR)/OmikujiApp.app/OmikujiApp";
			};
			name = Release;
		};
		336760DD26688B8E00CB97A1 /* Debug */ = {
			isa = XCBuildConfiguration;
			buildSettings = {
				ALWAYS_EMBED_SWIFT_STANDARD_LIBRARIES = YES;
				CODE_SIGN_STYLE = Automatic;
				INFOPLIST_FILE = OmikujiAppUITests/Info.plist;
				LD_RUNPATH_SEARCH_PATHS = (
					"$(inherited)",
					"@executable_path/Frameworks",
					"@loader_path/Frameworks",
				);
				PRODUCT_BUNDLE_IDENTIFIER = com.test.OmikujiAppUITests;
				PRODUCT_NAME = "$(TARGET_NAME)";
				SWIFT_VERSION = 5.0;
				TARGETED_DEVICE_FAMILY = "1,2";
				TEST_TARGET_NAME = OmikujiApp;
			};
			name = Debug;
		};
		336760DE26688B8E00CB97A1 /* Release */ = {
			isa = XCBuildConfiguration;
			buildSettings = {
				ALWAYS_EMBED_SWIFT_STANDARD_LIBRARIES = YES;
				CODE_SIGN_STYLE = Automatic;
				INFOPLIST_FILE = OmikujiAppUITests/Info.plist;
				LD_RUNPATH_SEARCH_PATHS = (
					"$(inherited)",
					"@executable_path/Frameworks",
					"@loader_path/Frameworks",
				);
				PRODUCT_BUNDLE_IDENTIFIER = com.test.OmikujiAppUITests;
				PRODUCT_NAME = "$(TARGET_NAME)";
				SWIFT_VERSION = 5.0;
				TARGETED_DEVICE_FAMILY = "1,2";
				TEST_TARGET_NAME = OmikujiApp;
			};
			name = Release;
		};
/* End XCBuildConfiguration section */

/* Begin XCConfigurationList section */
		336760A726688B8C00CB97A1 /* Build configuration list for PBXProject "OmikujiApp" */ = {
			isa = XCConfigurationList;
			buildConfigurations = (
				336760D426688B8E00CB97A1 /* Debug */,
				336760D526688B8E00CB97A1 /* Release */,
			);
			defaultConfigurationIsVisible = 0;
			defaultConfigurationName = Release;
		};
		336760D626688B8E00CB97A1 /* Build configuration list for PBXNativeTarget "OmikujiApp" */ = {
			isa = XCConfigurationList;
			buildConfigurations = (
				336760D726688B8E00CB97A1 /* Debug */,
				336760D826688B8E00CB97A1 /* Release */,
			);
			defaultConfigurationIsVisible = 0;
			defaultConfigurationName = Release;
		};
		336760D926688B8E00CB97A1 /* Build configuration list for PBXNativeTarget "OmikujiAppTests" */ = {
			isa = XCConfigurationList;
			buildConfigurations = (
				336760DA26688B8E00CB97A1 /* Debug */,
				336760DB26688B8E00CB97A1 /* Release */,
			);
			defaultConfigurationIsVisible = 0;
			defaultConfigurationName = Release;
		};
		336760DC26688B8E00CB97A1 /* Build configuration list for PBXNativeTarget "OmikujiAppUITests" */ = {
			isa = XCConfigurationList;
			buildConfigurations = (
				336760DD26688B8E00CB97A1 /* Debug */,
				336760DE26688B8E00CB97A1 /* Release */,
			);
			defaultConfigurationIsVisible = 0;
			defaultConfigurationName = Release;
		};
/* End XCConfigurationList section */
	};
	rootObject = 336760A426688B8C00CB97A1 /* Project object */;
}
